
Microsoft Visual Studio Solution File, Format Version 12.00
# Visual Studio 15
VisualStudioVersion = 15.0.27130.2010
MinimumVisualStudioVersion = 10.0.40219.1
Project("{FAE04EC0-301F-11D3-BF4B-00C04F79EFBC}") = "WebApplication1", "WebApplication1\WebApplication1.csproj", "{032C1642-3C8B-4EEC-A33E-044AE8AF93DE}"
EndProject
Global
	GlobalSection(SolutionConfigurationPlatforms) = preSolution
		Debug|Any CPU = Debug|Any CPU
		Release|Any CPU = Release|Any CPU
	EndGlobalSection
	GlobalSection(ProjectConfigurationPlatforms) = postSolution
		{032C1642-3C8B-4EEC-A33E-044AE8AF93DE}.Debug|Any CPU.ActiveCfg = Debug|Any CPU
		{032C1642-3C8B-4EEC-A33E-044AE8AF93DE}.Debug|Any CPU.Build.0 = Debug|Any CPU
		{032C1642-3C8B-4EEC-A33E-044AE8AF93DE}.Release|Any CPU.ActiveCfg = Release|Any CPU
		{032C1642-3C8B-4EEC-A33E-044AE8AF93DE}.Release|Any CPU.Build.0 = Release|Any CPU
	EndGlobalSection
	GlobalSection(SolutionProperties) = preSolution
		HideSolutionNode = FALSE
	EndGlobalSection
	GlobalSection(ExtensibilityGlobals) = postSolution
		SolutionGuid = {C1168CEE-D373-423E-96C2-C6DA7DF405F5}
	EndGlobalSection
EndGlobal
